// !$*UTF8*$!
{
	archiveVersion = 1;
	classes = {
	};
	objectVersion = 56;
	objects = {

/* Begin PBXBuildFile section */
		47A7681C2B3C599500921F01 /* Utilities.swift in Sources */ = {isa = PBXBuildFile; fileRef = 47A7681B2B3C599500921F01 /* Utilities.swift */; };
		47A7681E2B3C5F7700921F01 /* NotePlayer.swift in Sources */ = {isa = PBXBuildFile; fileRef = 47A7681D2B3C5F7700921F01 /* NotePlayer.swift */; };
		47C742572B3C0FAD00EE5AD5 /* CameraPreviewView.swift in Sources */ = {isa = PBXBuildFile; fileRef = 47C742562B3C0FAD00EE5AD5 /* CameraPreviewView.swift */; };
		47C742592B3C144100EE5AD5 /* SoundManager.swift in Sources */ = {isa = PBXBuildFile; fileRef = 47C742582B3C144100EE5AD5 /* SoundManager.swift */; };
		47C7425B2B3C51A000EE5AD5 /* Variables.swift in Sources */ = {isa = PBXBuildFile; fileRef = 47C7425A2B3C51A000EE5AD5 /* Variables.swift */; };
		47DE6C1E2B3C03F600F7D61F /* heimdallApp.swift in Sources */ = {isa = PBXBuildFile; fileRef = 47DE6C1D2B3C03F600F7D61F /* heimdallApp.swift */; };
		47DE6C202B3C03F600F7D61F /* ContentView.swift in Sources */ = {isa = PBXBuildFile; fileRef = 47DE6C1F2B3C03F600F7D61F /* ContentView.swift */; };
		47DE6C222B3C03F700F7D61F /* Assets.xcassets in Resources */ = {isa = PBXBuildFile; fileRef = 47DE6C212B3C03F700F7D61F /* Assets.xcassets */; };
		47DE6C262B3C03F700F7D61F /* Preview Assets.xcassets in Resources */ = {isa = PBXBuildFile; fileRef = 47DE6C252B3C03F700F7D61F /* Preview Assets.xcassets */; };
		47DE6C302B3C03F800F7D61F /* heimdallTests.swift in Sources */ = {isa = PBXBuildFile; fileRef = 47DE6C2F2B3C03F800F7D61F /* heimdallTests.swift */; };
		47DE6C3A2B3C03F800F7D61F /* heimdallUITests.swift in Sources */ = {isa = PBXBuildFile; fileRef = 47DE6C392B3C03F800F7D61F /* heimdallUITests.swift */; };
		47DE6C3C2B3C03F800F7D61F /* heimdallUITestsLaunchTests.swift in Sources */ = {isa = PBXBuildFile; fileRef = 47DE6C3B2B3C03F800F7D61F /* heimdallUITestsLaunchTests.swift */; };
		47DE6C492B3C071200F7D61F /* CameraManager.swift in Sources */ = {isa = PBXBuildFile; fileRef = 47DE6C482B3C071200F7D61F /* CameraManager.swift */; };
/* End PBXBuildFile section */

/* Begin PBXContainerItemProxy section */
		47DE6C2C2B3C03F800F7D61F /* PBXContainerItemProxy */ = {
			isa = PBXContainerItemProxy;
			containerPortal = 47DE6C122B3C03F600F7D61F /* Project object */;
			proxyType = 1;
			remoteGlobalIDString = 47DE6C192B3C03F600F7D61F;
			remoteInfo = heimdall;
		};
		47DE6C362B3C03F800F7D61F /* PBXContainerItemProxy */ = {
			isa = PBXContainerItemProxy;
			containerPortal = 47DE6C122B3C03F600F7D61F /* Project object */;
			proxyType = 1;
			remoteGlobalIDString = 47DE6C192B3C03F600F7D61F;
			remoteInfo = heimdall;
		};
/* End PBXContainerItemProxy section */

/* Begin PBXFileReference section */
		47A768192B3C57C600921F01 /* Info.plist */ = {isa = PBXFileReference; fileEncoding = 4; lastKnownFileType = text.plist.xml; path = Info.plist; sourceTree = "<group>"; };
		47A7681B2B3C599500921F01 /* Utilities.swift */ = {isa = PBXFileReference; lastKnownFileType = sourcecode.swift; path = Utilities.swift; sourceTree = "<group>"; };
		47A7681D2B3C5F7700921F01 /* NotePlayer.swift */ = {isa = PBXFileReference; lastKnownFileType = sourcecode.swift; path = NotePlayer.swift; sourceTree = "<group>"; };
		47C742562B3C0FAD00EE5AD5 /* CameraPreviewView.swift */ = {isa = PBXFileReference; lastKnownFileType = sourcecode.swift; path = CameraPreviewView.swift; sourceTree = "<group>"; };
		47C742582B3C144100EE5AD5 /* SoundManager.swift */ = {isa = PBXFileReference; lastKnownFileType = sourcecode.swift; path = SoundManager.swift; sourceTree = "<group>"; };
		47C7425A2B3C51A000EE5AD5 /* Variables.swift */ = {isa = PBXFileReference; lastKnownFileType = sourcecode.swift; path = Variables.swift; sourceTree = "<group>"; };
		47DE6C1A2B3C03F600F7D61F /* heimdall.app */ = {isa = PBXFileReference; explicitFileType = wrapper.application; includeInIndex = 0; path = heimdall.app; sourceTree = BUILT_PRODUCTS_DIR; };
		47DE6C1D2B3C03F600F7D61F /* heimdallApp.swift */ = {isa = PBXFileReference; lastKnownFileType = sourcecode.swift; path = heimdallApp.swift; sourceTree = "<group>"; };
		47DE6C1F2B3C03F600F7D61F /* ContentView.swift */ = {isa = PBXFileReference; lastKnownFileType = sourcecode.swift; path = ContentView.swift; sourceTree = "<group>"; };
		47DE6C212B3C03F700F7D61F /* Assets.xcassets */ = {isa = PBXFileReference; lastKnownFileType = folder.assetcatalog; path = Assets.xcassets; sourceTree = "<group>"; };
		47DE6C232B3C03F700F7D61F /* heimdall.entitlements */ = {isa = PBXFileReference; lastKnownFileType = text.plist.entitlements; path = heimdall.entitlements; sourceTree = "<group>"; };
		47DE6C252B3C03F700F7D61F /* Preview Assets.xcassets */ = {isa = PBXFileReference; lastKnownFileType = folder.assetcatalog; path = "Preview Assets.xcassets"; sourceTree = "<group>"; };
		47DE6C2B2B3C03F800F7D61F /* heimdallTests.xctest */ = {isa = PBXFileReference; explicitFileType = wrapper.cfbundle; includeInIndex = 0; path = heimdallTests.xctest; sourceTree = BUILT_PRODUCTS_DIR; };
		47DE6C2F2B3C03F800F7D61F /* heimdallTests.swift */ = {isa = PBXFileReference; lastKnownFileType = sourcecode.swift; path = heimdallTests.swift; sourceTree = "<group>"; };
		47DE6C352B3C03F800F7D61F /* heimdallUITests.xctest */ = {isa = PBXFileReference; explicitFileType = wrapper.cfbundle; includeInIndex = 0; path = heimdallUITests.xctest; sourceTree = BUILT_PRODUCTS_DIR; };
		47DE6C392B3C03F800F7D61F /* heimdallUITests.swift */ = {isa = PBXFileReference; lastKnownFileType = sourcecode.swift; path = heimdallUITests.swift; sourceTree = "<group>"; };
		47DE6C3B2B3C03F800F7D61F /* heimdallUITestsLaunchTests.swift */ = {isa = PBXFileReference; lastKnownFileType = sourcecode.swift; path = heimdallUITestsLaunchTests.swift; sourceTree = "<group>"; };
		47DE6C482B3C071200F7D61F /* CameraManager.swift */ = {isa = PBXFileReference; lastKnownFileType = sourcecode.swift; path = CameraManager.swift; sourceTree = "<group>"; };
/* End PBXFileReference section */

/* Begin PBXFrameworksBuildPhase section */
		47DE6C172B3C03F600F7D61F /* Frameworks */ = {
			isa = PBXFrameworksBuildPhase;
			buildActionMask = 2147483647;
			files = (
			);
			runOnlyForDeploymentPostprocessing = 0;
		};
		47DE6C282B3C03F800F7D61F /* Frameworks */ = {
			isa = PBXFrameworksBuildPhase;
			buildActionMask = 2147483647;
			files = (
			);
			runOnlyForDeploymentPostprocessing = 0;
		};
		47DE6C322B3C03F800F7D61F /* Frameworks */ = {
			isa = PBXFrameworksBuildPhase;
			buildActionMask = 2147483647;
			files = (
			);
			runOnlyForDeploymentPostprocessing = 0;
		};
/* End PBXFrameworksBuildPhase section */

/* Begin PBXGroup section */
		47DE6C112B3C03F600F7D61F = {
			isa = PBXGroup;
			children = (
				47DE6C1C2B3C03F600F7D61F /* heimdall */,
				47DE6C2E2B3C03F800F7D61F /* heimdallTests */,
				47DE6C382B3C03F800F7D61F /* heimdallUITests */,
				47DE6C1B2B3C03F600F7D61F /* Products */,
			);
			sourceTree = "<group>";
		};
		47DE6C1B2B3C03F600F7D61F /* Products */ = {
			isa = PBXGroup;
			children = (
				47DE6C1A2B3C03F600F7D61F /* heimdall.app */,
				47DE6C2B2B3C03F800F7D61F /* heimdallTests.xctest */,
				47DE6C352B3C03F800F7D61F /* heimdallUITests.xctest */,
			);
			name = Products;
			sourceTree = "<group>";
		};
		47DE6C1C2B3C03F600F7D61F /* heimdall */ = {
			isa = PBXGroup;
			children = (
				47DE6C1D2B3C03F600F7D61F /* heimdallApp.swift */,
				47DE6C482B3C071200F7D61F /* CameraManager.swift */,
				47A7681B2B3C599500921F01 /* Utilities.swift */,
				47C7425A2B3C51A000EE5AD5 /* Variables.swift */,
				47C742582B3C144100EE5AD5 /* SoundManager.swift */,
				47A7681D2B3C5F7700921F01 /* NotePlayer.swift */,
				47C742562B3C0FAD00EE5AD5 /* CameraPreviewView.swift */,
				47DE6C1F2B3C03F600F7D61F /* ContentView.swift */,
				47A768192B3C57C600921F01 /* Info.plist */,
				47DE6C212B3C03F700F7D61F /* Assets.xcassets */,
				47DE6C232B3C03F700F7D61F /* heimdall.entitlements */,
				47DE6C242B3C03F700F7D61F /* Preview Content */,
			);
			path = heimdall;
			sourceTree = "<group>";
		};
		47DE6C242B3C03F700F7D61F /* Preview Content */ = {
			isa = PBXGroup;
			children = (
				47DE6C252B3C03F700F7D61F /* Preview Assets.xcassets */,
			);
			path = "Preview Content";
			sourceTree = "<group>";
		};
		47DE6C2E2B3C03F800F7D61F /* heimdallTests */ = {
			isa = PBXGroup;
			children = (
				47DE6C2F2B3C03F800F7D61F /* heimdallTests.swift */,
			);
			path = heimdallTests;
			sourceTree = "<group>";
		};
		47DE6C382B3C03F800F7D61F /* heimdallUITests */ = {
			isa = PBXGroup;
			children = (
				47DE6C392B3C03F800F7D61F /* heimdallUITests.swift */,
				47DE6C3B2B3C03F800F7D61F /* heimdallUITestsLaunchTests.swift */,
			);
			path = heimdallUITests;
			sourceTree = "<group>";
		};
/* End PBXGroup section */

/* Begin PBXNativeTarget section */
		47DE6C192B3C03F600F7D61F /* heimdall */ = {
			isa = PBXNativeTarget;
			buildConfigurationList = 47DE6C3F2B3C03F800F7D61F /* Build configuration list for PBXNativeTarget "heimdall" */;
			buildPhases = (
				47DE6C162B3C03F600F7D61F /* Sources */,
				47DE6C172B3C03F600F7D61F /* Frameworks */,
				47DE6C182B3C03F600F7D61F /* Resources */,
			);
			buildRules = (
			);
			dependencies = (
			);
			name = heimdall;
			productName = heimdall;
			productReference = 47DE6C1A2B3C03F600F7D61F /* heimdall.app */;
			productType = "com.apple.product-type.application";
		};
		47DE6C2A2B3C03F800F7D61F /* heimdallTests */ = {
			isa = PBXNativeTarget;
			buildConfigurationList = 47DE6C422B3C03F800F7D61F /* Build configuration list for PBXNativeTarget "heimdallTests" */;
			buildPhases = (
				47DE6C272B3C03F800F7D61F /* Sources */,
				47DE6C282B3C03F800F7D61F /* Frameworks */,
				47DE6C292B3C03F800F7D61F /* Resources */,
			);
			buildRules = (
			);
			dependencies = (
				47DE6C2D2B3C03F800F7D61F /* PBXTargetDependency */,
			);
			name = heimdallTests;
			productName = heimdallTests;
			productReference = 47DE6C2B2B3C03F800F7D61F /* heimdallTests.xctest */;
			productType = "com.apple.product-type.bundle.unit-test";
		};
		47DE6C342B3C03F800F7D61F /* heimdallUITests */ = {
			isa = PBXNativeTarget;
			buildConfigurationList = 47DE6C452B3C03F800F7D61F /* Build configuration list for PBXNativeTarget "heimdallUITests" */;
			buildPhases = (
				47DE6C312B3C03F800F7D61F /* Sources */,
				47DE6C322B3C03F800F7D61F /* Frameworks */,
				47DE6C332B3C03F800F7D61F /* Resources */,
			);
			buildRules = (
			);
			dependencies = (
				47DE6C372B3C03F800F7D61F /* PBXTargetDependency */,
			);
			name = heimdallUITests;
			productName = heimdallUITests;
			productReference = 47DE6C352B3C03F800F7D61F /* heimdallUITests.xctest */;
			productType = "com.apple.product-type.bundle.ui-testing";
		};
/* End PBXNativeTarget section */

/* Begin PBXProject section */
		47DE6C122B3C03F600F7D61F /* Project object */ = {
			isa = PBXProject;
			attributes = {
				BuildIndependentTargetsInParallel = 1;
				LastSwiftUpdateCheck = 1510;
				LastUpgradeCheck = 1510;
				TargetAttributes = {
					47DE6C192B3C03F600F7D61F = {
						CreatedOnToolsVersion = 15.1;
					};
					47DE6C2A2B3C03F800F7D61F = {
						CreatedOnToolsVersion = 15.1;
						TestTargetID = 47DE6C192B3C03F600F7D61F;
					};
					47DE6C342B3C03F800F7D61F = {
						CreatedOnToolsVersion = 15.1;
						TestTargetID = 47DE6C192B3C03F600F7D61F;
					};
				};
			};
			buildConfigurationList = 47DE6C152B3C03F600F7D61F /* Build configuration list for PBXProject "heimdall" */;
			compatibilityVersion = "Xcode 14.0";
			developmentRegion = en;
			hasScannedForEncodings = 0;
			knownRegions = (
				en,
				Base,
			);
			mainGroup = 47DE6C112B3C03F600F7D61F;
			productRefGroup = 47DE6C1B2B3C03F600F7D61F /* Products */;
			projectDirPath = "";
			projectRoot = "";
			targets = (
				47DE6C192B3C03F600F7D61F /* heimdall */,
				47DE6C2A2B3C03F800F7D61F /* heimdallTests */,
				47DE6C342B3C03F800F7D61F /* heimdallUITests */,
			);
		};
/* End PBXProject section */

/* Begin PBXResourcesBuildPhase section */
		47DE6C182B3C03F600F7D61F /* Resources */ = {
			isa = PBXResourcesBuildPhase;
			buildActionMask = 2147483647;
			files = (
				47DE6C262B3C03F700F7D61F /* Preview Assets.xcassets in Resources */,
				47DE6C222B3C03F700F7D61F /* Assets.xcassets in Resources */,
			);
			runOnlyForDeploymentPostprocessing = 0;
		};
		47DE6C292B3C03F800F7D61F /* Resources */ = {
			isa = PBXResourcesBuildPhase;
			buildActionMask = 2147483647;
			files = (
			);
			runOnlyForDeploymentPostprocessing = 0;
		};
		47DE6C332B3C03F800F7D61F /* Resources */ = {
			isa = PBXResourcesBuildPhase;
			buildActionMask = 2147483647;
			files = (
			);
			runOnlyForDeploymentPostprocessing = 0;
		};
/* End PBXResourcesBuildPhase section */

/* Begin PBXSourcesBuildPhase section */
		47DE6C162B3C03F600F7D61F /* Sources */ = {
			isa = PBXSourcesBuildPhase;
			buildActionMask = 2147483647;
			files = (
				47DE6C202B3C03F600F7D61F /* ContentView.swift in Sources */,
				47C7425B2B3C51A000EE5AD5 /* Variables.swift in Sources */,
				47DE6C492B3C071200F7D61F /* CameraManager.swift in Sources */,
				47A7681C2B3C599500921F01 /* Utilities.swift in Sources */,
				47C742572B3C0FAD00EE5AD5 /* CameraPreviewView.swift in Sources */,
				47DE6C1E2B3C03F600F7D61F /* heimdallApp.swift in Sources */,
				47A7681E2B3C5F7700921F01 /* NotePlayer.swift in Sources */,
				47C742592B3C144100EE5AD5 /* SoundManager.swift in Sources */,
			);
			runOnlyForDeploymentPostprocessing = 0;
		};
		47DE6C272B3C03F800F7D61F /* Sources */ = {
			isa = PBXSourcesBuildPhase;
			buildActionMask = 2147483647;
			files = (
				47DE6C302B3C03F800F7D61F /* heimdallTests.swift in Sources */,
			);
			runOnlyForDeploymentPostprocessing = 0;
		};
		47DE6C312B3C03F800F7D61F /* Sources */ = {
			isa = PBXSourcesBuildPhase;
			buildActionMask = 2147483647;
			files = (
				47DE6C3C2B3C03F800F7D61F /* heimdallUITestsLaunchTests.swift in Sources */,
				47DE6C3A2B3C03F800F7D61F /* heimdallUITests.swift in Sources */,
			);
			runOnlyForDeploymentPostprocessing = 0;
		};
/* End PBXSourcesBuildPhase section */

/* Begin PBXTargetDependency section */
		47DE6C2D2B3C03F800F7D61F /* PBXTargetDependency */ = {
			isa = PBXTargetDependency;
			target = 47DE6C192B3C03F600F7D61F /* heimdall */;
			targetProxy = 47DE6C2C2B3C03F800F7D61F /* PBXContainerItemProxy */;
		};
		47DE6C372B3C03F800F7D61F /* PBXTargetDependency */ = {
			isa = PBXTargetDependency;
			target = 47DE6C192B3C03F600F7D61F /* heimdall */;
			targetProxy = 47DE6C362B3C03F800F7D61F /* PBXContainerItemProxy */;
		};
/* End PBXTargetDependency section */

/* Begin XCBuildConfiguration section */
		47DE6C3D2B3C03F800F7D61F /* Debug */ = {
			isa = XCBuildConfiguration;
			buildSettings = {
				ALWAYS_SEARCH_USER_PATHS = NO;
				ASSETCATALOG_COMPILER_GENERATE_SWIFT_ASSET_SYMBOL_EXTENSIONS = YES;
				CLANG_ANALYZER_NONNULL = YES;
				CLANG_ANALYZER_NUMBER_OBJECT_CONVERSION = YES_AGGRESSIVE;
				CLANG_CXX_LANGUAGE_STANDARD = "gnu++20";
				CLANG_ENABLE_MODULES = YES;
				CLANG_ENABLE_OBJC_ARC = YES;
				CLANG_ENABLE_OBJC_WEAK = YES;
				CLANG_WARN_BLOCK_CAPTURE_AUTORELEASING = YES;
				CLANG_WARN_BOOL_CONVERSION = YES;
				CLANG_WARN_COMMA = YES;
				CLANG_WARN_CONSTANT_CONVERSION = YES;
				CLANG_WARN_DEPRECATED_OBJC_IMPLEMENTATIONS = YES;
				CLANG_WARN_DIRECT_OBJC_ISA_USAGE = YES_ERROR;
				CLANG_WARN_DOCUMENTATION_COMMENTS = YES;
				CLANG_WARN_EMPTY_BODY = YES;
				CLANG_WARN_ENUM_CONVERSION = YES;
				CLANG_WARN_INFINITE_RECURSION = YES;
				CLANG_WARN_INT_CONVERSION = YES;
				CLANG_WARN_NON_LITERAL_NULL_CONVERSION = YES;
				CLANG_WARN_OBJC_IMPLICIT_RETAIN_SELF = YES;
				CLANG_WARN_OBJC_LITERAL_CONVERSION = YES;
				CLANG_WARN_OBJC_ROOT_CLASS = YES_ERROR;
				CLANG_WARN_QUOTED_INCLUDE_IN_FRAMEWORK_HEADER = YES;
				CLANG_WARN_RANGE_LOOP_ANALYSIS = YES;
				CLANG_WARN_STRICT_PROTOTYPES = YES;
				CLANG_WARN_SUSPICIOUS_MOVE = YES;
				CLANG_WARN_UNGUARDED_AVAILABILITY = YES_AGGRESSIVE;
				CLANG_WARN_UNREACHABLE_CODE = YES;
				CLANG_WARN__DUPLICATE_METHOD_MATCH = YES;
				COPY_PHASE_STRIP = NO;
				DEBUG_INFORMATION_FORMAT = dwarf;
				ENABLE_STRICT_OBJC_MSGSEND = YES;
				ENABLE_TESTABILITY = YES;
				ENABLE_USER_SCRIPT_SANDBOXING = YES;
				GCC_C_LANGUAGE_STANDARD = gnu17;
				GCC_DYNAMIC_NO_PIC = NO;
				GCC_NO_COMMON_BLOCKS = YES;
				GCC_OPTIMIZATION_LEVEL = 0;
				GCC_PREPROCESSOR_DEFINITIONS = (
					"DEBUG=1",
					"$(inherited)",
				);
				GCC_WARN_64_TO_32_BIT_CONVERSION = YES;
				GCC_WARN_ABOUT_RETURN_TYPE = YES_ERROR;
				GCC_WARN_UNDECLARED_SELECTOR = YES;
				GCC_WARN_UNINITIALIZED_AUTOS = YES_AGGRESSIVE;
				GCC_WARN_UNUSED_FUNCTION = YES;
				GCC_WARN_UNUSED_VARIABLE = YES;
				LOCALIZATION_PREFERS_STRING_CATALOGS = YES;
				MTL_ENABLE_DEBUG_INFO = INCLUDE_SOURCE;
				MTL_FAST_MATH = YES;
				ONLY_ACTIVE_ARCH = YES;
				SWIFT_ACTIVE_COMPILATION_CONDITIONS = "DEBUG $(inherited)";
				SWIFT_OPTIMIZATION_LEVEL = "-Onone";
			};
			name = Debug;
		};
		47DE6C3E2B3C03F800F7D61F /* Release */ = {
			isa = XCBuildConfiguration;
			buildSettings = {
				ALWAYS_SEARCH_USER_PATHS = NO;
				ASSETCATALOG_COMPILER_GENERATE_SWIFT_ASSET_SYMBOL_EXTENSIONS = YES;
				CLANG_ANALYZER_NONNULL = YES;
				CLANG_ANALYZER_NUMBER_OBJECT_CONVERSION = YES_AGGRESSIVE;
				CLANG_CXX_LANGUAGE_STANDARD = "gnu++20";
				CLANG_ENABLE_MODULES = YES;
				CLANG_ENABLE_OBJC_ARC = YES;
				CLANG_ENABLE_OBJC_WEAK = YES;
				CLANG_WARN_BLOCK_CAPTURE_AUTORELEASING = YES;
				CLANG_WARN_BOOL_CONVERSION = YES;
				CLANG_WARN_COMMA = YES;
				CLANG_WARN_CONSTANT_CONVERSION = YES;
				CLANG_WARN_DEPRECATED_OBJC_IMPLEMENTATIONS = YES;
				CLANG_WARN_DIRECT_OBJC_ISA_USAGE = YES_ERROR;
				CLANG_WARN_DOCUMENTATION_COMMENTS = YES;
				CLANG_WARN_EMPTY_BODY = YES;
				CLANG_WARN_ENUM_CONVERSION = YES;
				CLANG_WARN_INFINITE_RECURSION = YES;
				CLANG_WARN_INT_CONVERSION = YES;
				CLANG_WARN_NON_LITERAL_NULL_CONVERSION = YES;
				CLANG_WARN_OBJC_IMPLICIT_RETAIN_SELF = YES;
				CLANG_WARN_OBJC_LITERAL_CONVERSION = YES;
				CLANG_WARN_OBJC_ROOT_CLASS = YES_ERROR;
				CLANG_WARN_QUOTED_INCLUDE_IN_FRAMEWORK_HEADER = YES;
				CLANG_WARN_RANGE_LOOP_ANALYSIS = YES;
				CLANG_WARN_STRICT_PROTOTYPES = YES;
				CLANG_WARN_SUSPICIOUS_MOVE = YES;
				CLANG_WARN_UNGUARDED_AVAILABILITY = YES_AGGRESSIVE;
				CLANG_WARN_UNREACHABLE_CODE = YES;
				CLANG_WARN__DUPLICATE_METHOD_MATCH = YES;
				COPY_PHASE_STRIP = NO;
				DEBUG_INFORMATION_FORMAT = "dwarf-with-dsym";
				ENABLE_NS_ASSERTIONS = NO;
				ENABLE_STRICT_OBJC_MSGSEND = YES;
				ENABLE_USER_SCRIPT_SANDBOXING = YES;
				GCC_C_LANGUAGE_STANDARD = gnu17;
				GCC_NO_COMMON_BLOCKS = YES;
				GCC_WARN_64_TO_32_BIT_CONVERSION = YES;
				GCC_WARN_ABOUT_RETURN_TYPE = YES_ERROR;
				GCC_WARN_UNDECLARED_SELECTOR = YES;
				GCC_WARN_UNINITIALIZED_AUTOS = YES_AGGRESSIVE;
				GCC_WARN_UNUSED_FUNCTION = YES;
				GCC_WARN_UNUSED_VARIABLE = YES;
				LOCALIZATION_PREFERS_STRING_CATALOGS = YES;
				MTL_ENABLE_DEBUG_INFO = NO;
				MTL_FAST_MATH = YES;
				SWIFT_COMPILATION_MODE = wholemodule;
			};
			name = Release;
		};
		47DE6C402B3C03F800F7D61F /* Debug */ = {
			isa = XCBuildConfiguration;
			buildSettings = {
				ASSETCATALOG_COMPILER_APPICON_NAME = AppIcon;
				ASSETCATALOG_COMPILER_GLOBAL_ACCENT_COLOR_NAME = AccentColor;
				CODE_SIGN_ENTITLEMENTS = heimdall/heimdall.entitlements;
				CODE_SIGN_STYLE = Automatic;
				CURRENT_PROJECT_VERSION = 1;
				DEVELOPMENT_ASSET_PATHS = "\"heimdall/Preview Content\"";
				DEVELOPMENT_TEAM = AH2L3YCSX9;
				ENABLE_HARDENED_RUNTIME = YES;
				ENABLE_PREVIEWS = YES;
				GENERATE_INFOPLIST_FILE = YES;
				INFOPLIST_FILE = heimdall/Info.plist;
				INFOPLIST_KEY_CFBundleDisplayName = Heimdall;
				"INFOPLIST_KEY_UIApplicationSceneManifest_Generation[sdk=iphoneos*]" = YES;
				"INFOPLIST_KEY_UIApplicationSceneManifest_Generation[sdk=iphonesimulator*]" = YES;
				"INFOPLIST_KEY_UIApplicationSupportsIndirectInputEvents[sdk=iphoneos*]" = YES;
				"INFOPLIST_KEY_UIApplicationSupportsIndirectInputEvents[sdk=iphonesimulator*]" = YES;
				"INFOPLIST_KEY_UILaunchScreen_Generation[sdk=iphoneos*]" = YES;
				"INFOPLIST_KEY_UILaunchScreen_Generation[sdk=iphonesimulator*]" = YES;
				"INFOPLIST_KEY_UIStatusBarStyle[sdk=iphoneos*]" = UIStatusBarStyleDefault;
				"INFOPLIST_KEY_UIStatusBarStyle[sdk=iphonesimulator*]" = UIStatusBarStyleDefault;
				INFOPLIST_KEY_UISupportedInterfaceOrientations_iPad = "UIInterfaceOrientationPortrait UIInterfaceOrientationPortraitUpsideDown UIInterfaceOrientationLandscapeLeft UIInterfaceOrientationLandscapeRight";
				INFOPLIST_KEY_UISupportedInterfaceOrientations_iPhone = "UIInterfaceOrientationPortrait UIInterfaceOrientationLandscapeLeft UIInterfaceOrientationLandscapeRight";
				IPHONEOS_DEPLOYMENT_TARGET = 17.0;
				LD_RUNPATH_SEARCH_PATHS = "@executable_path/Frameworks";
				"LD_RUNPATH_SEARCH_PATHS[sdk=macosx*]" = "@executable_path/../Frameworks";
				MACOSX_DEPLOYMENT_TARGET = 14.0;
				MARKETING_VERSION = 1.0;
				PRODUCT_BUNDLE_IDENTIFIER = com.infinitetrooper.heimdall;
				PRODUCT_NAME = "$(TARGET_NAME)";
				SDKROOT = auto;
				SUPPORTED_PLATFORMS = "iphoneos iphonesimulator macosx";
				SWIFT_EMIT_LOC_STRINGS = YES;
				SWIFT_VERSION = 5.0;
				TARGETED_DEVICE_FAMILY = "1,2";
			};
			name = Debug;
		};
		47DE6C412B3C03F800F7D61F /* Release */ = {
			isa = XCBuildConfiguration;
			buildSettings = {
				ASSETCATALOG_COMPILER_APPICON_NAME = AppIcon;
				ASSETCATALOG_COMPILER_GLOBAL_ACCENT_COLOR_NAME = AccentColor;
				CODE_SIGN_ENTITLEMENTS = heimdall/heimdall.entitlements;
				CODE_SIGN_STYLE = Automatic;
				CURRENT_PROJECT_VERSION = 1;
				DEVELOPMENT_ASSET_PATHS = "\"heimdall/Preview Content\"";
				DEVELOPMENT_TEAM = AH2L3YCSX9;
				ENABLE_HARDENED_RUNTIME = YES;
				ENABLE_PREVIEWS = YES;
				GENERATE_INFOPLIST_FILE = YES;
				INFOPLIST_FILE = heimdall/Info.plist;
				INFOPLIST_KEY_CFBundleDisplayName = Heimdall;
				"INFOPLIST_KEY_UIApplicationSceneManifest_Generation[sdk=iphoneos*]" = YES;
				"INFOPLIST_KEY_UIApplicationSceneManifest_Generation[sdk=iphonesimulator*]" = YES;
				"INFOPLIST_KEY_UIApplicationSupportsIndirectInputEvents[sdk=iphoneos*]" = YES;
				"INFOPLIST_KEY_UIApplicationSupportsIndirectInputEvents[sdk=iphonesimulator*]" = YES;
				"INFOPLIST_KEY_UILaunchScreen_Generation[sdk=iphoneos*]" = YES;
				"INFOPLIST_KEY_UILaunchScreen_Generation[sdk=iphonesimulator*]" = YES;
				"INFOPLIST_KEY_UIStatusBarStyle[sdk=iphoneos*]" = UIStatusBarStyleDefault;
				"INFOPLIST_KEY_UIStatusBarStyle[sdk=iphonesimulator*]" = UIStatusBarStyleDefault;
				INFOPLIST_KEY_UISupportedInterfaceOrientations_iPad = "UIInterfaceOrientationPortrait UIInterfaceOrientationPortraitUpsideDown UIInterfaceOrientationLandscapeLeft UIInterfaceOrientationLandscapeRight";
				INFOPLIST_KEY_UISupportedInterfaceOrientations_iPhone = "UIInterfaceOrientationPortrait UIInterfaceOrientationLandscapeLeft UIInterfaceOrientationLandscapeRight";
				IPHONEOS_DEPLOYMENT_TARGET = 17.0;
				LD_RUNPATH_SEARCH_PATHS = "@executable_path/Frameworks";
				"LD_RUNPATH_SEARCH_PATHS[sdk=macosx*]" = "@executable_path/../Frameworks";
				MACOSX_DEPLOYMENT_TARGET = 14.0;
				MARKETING_VERSION = 1.0;
				PRODUCT_BUNDLE_IDENTIFIER = com.infinitetrooper.heimdall;
				PRODUCT_NAME = "$(TARGET_NAME)";
				SDKROOT = auto;
				SUPPORTED_PLATFORMS = "iphoneos iphonesimulator macosx";
				SWIFT_EMIT_LOC_STRINGS = YES;
				SWIFT_VERSION = 5.0;
				TARGETED_DEVICE_FAMILY = "1,2";
			};
			name = Release;
		};
		47DE6C432B3C03F800F7D61F /* Debug */ = {
			isa = XCBuildConfiguration;
			buildSettings = {
				ALWAYS_EMBED_SWIFT_STANDARD_LIBRARIES = YES;
				BUNDLE_LOADER = "$(TEST_HOST)";
				CODE_SIGN_STYLE = Automatic;
				CURRENT_PROJECT_VERSION = 1;
				DEVELOPMENT_TEAM = AH2L3YCSX9;
				GENERATE_INFOPLIST_FILE = YES;
				IPHONEOS_DEPLOYMENT_TARGET = 17.2;
				MACOSX_DEPLOYMENT_TARGET = 14.2;
				MARKETING_VERSION = 1.0;
				PRODUCT_BUNDLE_IDENTIFIER = com.infinitetrooper.heimdallTests;
				PRODUCT_NAME = "$(TARGET_NAME)";
				SDKROOT = auto;
				SUPPORTED_PLATFORMS = "iphoneos iphonesimulator macosx";
				SWIFT_EMIT_LOC_STRINGS = NO;
				SWIFT_VERSION = 5.0;
				TARGETED_DEVICE_FAMILY = "1,2";
				TEST_HOST = "$(BUILT_PRODUCTS_DIR)/heimdall.app/$(BUNDLE_EXECUTABLE_FOLDER_PATH)/heimdall";
			};
			name = Debug;
		};
		47DE6C442B3C03F800F7D61F /* Release */ = {
			isa = XCBuildConfiguration;
			buildSettings = {
				ALWAYS_EMBED_SWIFT_STANDARD_LIBRARIES = YES;
				BUNDLE_LOADER = "$(TEST_HOST)";
				CODE_SIGN_STYLE = Automatic;
				CURRENT_PROJECT_VERSION = 1;
				DEVELOPMENT_TEAM = AH2L3YCSX9;
				GENERATE_INFOPLIST_FILE = YES;
				IPHONEOS_DEPLOYMENT_TARGET = 17.2;
				MACOSX_DEPLOYMENT_TARGET = 14.2;
				MARKETING_VERSION = 1.0;
				PRODUCT_BUNDLE_IDENTIFIER = com.infinitetrooper.heimdallTests;
				PRODUCT_NAME = "$(TARGET_NAME)";
				SDKROOT = auto;
				SUPPORTED_PLATFORMS = "iphoneos iphonesimulator macosx";
				SWIFT_EMIT_LOC_STRINGS = NO;
				SWIFT_VERSION = 5.0;
				TARGETED_DEVICE_FAMILY = "1,2";
				TEST_HOST = "$(BUILT_PRODUCTS_DIR)/heimdall.app/$(BUNDLE_EXECUTABLE_FOLDER_PATH)/heimdall";
			};
			name = Release;
		};
		47DE6C462B3C03F800F7D61F /* Debug */ = {
			isa = XCBuildConfiguration;
			buildSettings = {
				ALWAYS_EMBED_SWIFT_STANDARD_LIBRARIES = YES;
				CODE_SIGN_STYLE = Automatic;
				CURRENT_PROJECT_VERSION = 1;
				DEVELOPMENT_TEAM = AH2L3YCSX9;
				GENERATE_INFOPLIST_FILE = YES;
				IPHONEOS_DEPLOYMENT_TARGET = 17.2;
				MACOSX_DEPLOYMENT_TARGET = 14.2;
				MARKETING_VERSION = 1.0;
				PRODUCT_BUNDLE_IDENTIFIER = com.infinitetrooper.heimdallUITests;
				PRODUCT_NAME = "$(TARGET_NAME)";
				SDKROOT = auto;
				SUPPORTED_PLATFORMS = "iphoneos iphonesimulator macosx";
				SWIFT_EMIT_LOC_STRINGS = NO;
				SWIFT_VERSION = 5.0;
				TARGETED_DEVICE_FAMILY = "1,2";
				TEST_TARGET_NAME = heimdall;
			};
			name = Debug;
		};
		47DE6C472B3C03F800F7D61F /* Release */ = {
			isa = XCBuildConfiguration;
			buildSettings = {
				ALWAYS_EMBED_SWIFT_STANDARD_LIBRARIES = YES;
				CODE_SIGN_STYLE = Automatic;
				CURRENT_PROJECT_VERSION = 1;
				DEVELOPMENT_TEAM = AH2L3YCSX9;
				GENERATE_INFOPLIST_FILE = YES;
				IPHONEOS_DEPLOYMENT_TARGET = 17.2;
				MACOSX_DEPLOYMENT_TARGET = 14.2;
				MARKETING_VERSION = 1.0;
				PRODUCT_BUNDLE_IDENTIFIER = com.infinitetrooper.heimdallUITests;
				PRODUCT_NAME = "$(TARGET_NAME)";
				SDKROOT = auto;
				SUPPORTED_PLATFORMS = "iphoneos iphonesimulator macosx";
				SWIFT_EMIT_LOC_STRINGS = NO;
				SWIFT_VERSION = 5.0;
				TARGETED_DEVICE_FAMILY = "1,2";
				TEST_TARGET_NAME = heimdall;
			};
			name = Release;
		};
/* End XCBuildConfiguration section */

/* Begin XCConfigurationList section */
		47DE6C152B3C03F600F7D61F /* Build configuration list for PBXProject "heimdall" */ = {
			isa = XCConfigurationList;
			buildConfigurations = (
				47DE6C3D2B3C03F800F7D61F /* Debug */,
				47DE6C3E2B3C03F800F7D61F /* Release */,
			);
			defaultConfigurationIsVisible = 0;
			defaultConfigurationName = Release;
		};
		47DE6C3F2B3C03F800F7D61F /* Build configuration list for PBXNativeTarget "heimdall" */ = {
			isa = XCConfigurationList;
			buildConfigurations = (
				47DE6C402B3C03F800F7D61F /* Debug */,
				47DE6C412B3C03F800F7D61F /* Release */,
			);
			defaultConfigurationIsVisible = 0;
			defaultConfigurationName = Release;
		};
		47DE6C422B3C03F800F7D61F /* Build configuration list for PBXNativeTarget "heimdallTests" */ = {
			isa = XCConfigurationList;
			buildConfigurations = (
				47DE6C432B3C03F800F7D61F /* Debug */,
				47DE6C442B3C03F800F7D61F /* Release */,
			);
			defaultConfigurationIsVisible = 0;
			defaultConfigurationName = Release;
		};
		47DE6C452B3C03F800F7D61F /* Build configuration list for PBXNativeTarget "heimdallUITests" */ = {
			isa = XCConfigurationList;
			buildConfigurations = (
				47DE6C462B3C03F800F7D61F /* Debug */,
				47DE6C472B3C03F800F7D61F /* Release */,
			);
			defaultConfigurationIsVisible = 0;
			defaultConfigurationName = Release;
		};
/* End XCConfigurationList section */
	};
	rootObject = 47DE6C122B3C03F600F7D61F /* Project object */;
}
